
Microsoft Visual Studio Solution File, Format Version 12.00
# Visual Studio Version 17
VisualStudioVersion = 17.10.34928.147
MinimumVisualStudioVersion = 10.0.40219.1
Project("{FAE04EC0-301F-11D3-BF4B-00C04F79EFBC}") = "Dorm.Server", "Dorm.Server\Dorm.Server.csproj", "{4B918544-6270-4C2A-9B74-85A1DEDC6F58}"
EndProject
Project("{54A90642-561A-4BB1-A94E-469ADEE60C69}") = "dorm.client", "dorm.client\dorm.client.esproj", "{0D7BBD90-0161-484E-8845-BCFE8899FFDF}"
EndProject
Global
	GlobalSection(SolutionConfigurationPlatforms) = preSolution
		Debug|Any CPU = Debug|Any CPU
		Release|Any CPU = Release|Any CPU
	EndGlobalSection
	GlobalSection(ProjectConfigurationPlatforms) = postSolution
		{4B918544-6270-4C2A-9B74-85A1DEDC6F58}.Debug|Any CPU.ActiveCfg = Debug|Any CPU
		{4B918544-6270-4C2A-9B74-85A1DEDC6F58}.Debug|Any CPU.Build.0 = Debug|Any CPU
		{4B918544-6270-4C2A-9B74-85A1DEDC6F58}.Release|Any CPU.ActiveCfg = Release|Any CPU
		{4B918544-6270-4C2A-9B74-85A1DEDC6F58}.Release|Any CPU.Build.0 = Release|Any CPU
		{0D7BBD90-0161-484E-8845-BCFE8899FFDF}.Debug|Any CPU.ActiveCfg = Debug|Any CPU
		{0D7BBD90-0161-484E-8845-BCFE8899FFDF}.Debug|Any CPU.Build.0 = Debug|Any CPU
		{0D7BBD90-0161-484E-8845-BCFE8899FFDF}.Debug|Any CPU.Deploy.0 = Debug|Any CPU
		{0D7BBD90-0161-484E-8845-BCFE8899FFDF}.Release|Any CPU.ActiveCfg = Release|Any CPU
		{0D7BBD90-0161-484E-8845-BCFE8899FFDF}.Release|Any CPU.Build.0 = Release|Any CPU
		{0D7BBD90-0161-484E-8845-BCFE8899FFDF}.Release|Any CPU.Deploy.0 = Release|Any CPU
	EndGlobalSection
	GlobalSection(SolutionProperties) = preSolution
		HideSolutionNode = FALSE
	EndGlobalSection
	GlobalSection(ExtensibilityGlobals) = postSolution
		SolutionGuid = {9DCB446E-5EA8-4548-8AB0-F58909F5AFB7}
	EndGlobalSection
EndGlobal
